{
    "_meta": {
        "hash": {
            "sha256": "2a49125dee7e99c4aa8f796aec2c31265b0f207546c4c77b24e737801edb804d"
        },
        "pipfile-spec": 6,
        "requires": {
            "python_version": "3.11"
        },
        "sources": [
            {
                "name": "pypi",
                "url": "https://pypi.org/simple",
                "verify_ssl": true
            }
        ]
    },
    "default": {
        "windows-curses": {
            "hashes": [
                "sha256:25e7ff3d77aed6c747456b06fbc1528d67fc59d1ef3be9ca244774e65e6bdbb2",
                "sha256:2644f4547ae5124ce5129b66faa59ee0995b7b7205ed5e3920f6ecfef2e46275",
                "sha256:395656bfe88d6f60cb18604605d423e0f2d1c3a8f550507dca5877a9d0b3a0f3",
                "sha256:59856b41676c4b3eb527eb6b1478803d4dc92413b2e63aea762407807ffcd3ac",
                "sha256:5c55ebafdb402cfa927174a03d651cd1b1e76d6e6cf71818f9d3378636c00e74",
                "sha256:6ea8e1c4536fee248ee3f88e5010871df749932b7e829e2f012e5d23bd2fe31d",
                "sha256:85675de4ae7058348140daae83a8a7b81147a84ef9ab699307b3168f9490292f",
                "sha256:8b541520895649c0835771775034a2b4edf36da3c3d9381c5022b5b4f9a5014e",
                "sha256:9cd0ba6efde23930736eff45a0aa0af6fd82e60b4787a46157ef4956d2c52b06",
                "sha256:a551aaa09d6ec28f64ade8e85fd0c52880c8e9114729a79c34803104e49bed71",
                "sha256:aab7e28133bf81769cddf8b3c3c8ab89e76cd43effd371c6370e918b6dfccf1b",
                "sha256:f9a7fcd03934e40238f9bbeddae51e3fdc442f28bca50afccdc521245ed39439"
            ],
            "index": "pypi",
            "version": "==2.3.1"
        }
    },
    "develop": {}
}
